
Microsoft Visual Studio Solution File, Format Version 12.00
# Visual Studio Version 16
VisualStudioVersion = 16.0.29025.244
MinimumVisualStudioVersion = 10.0.40219.1
Project("{9A19103F-16F7-4668-BE54-9A1E7A4F7556}") = "PGP.Application", "PGP.Application\PGP.Application.csproj", "{9DD12413-C9BE-465A-986F-5E6F5281E5BD}"
EndProject
Project("{9A19103F-16F7-4668-BE54-9A1E7A4F7556}") = "PGP.Domain", "PGP.Domain\PGP.Domain.csproj", "{46039D88-A44D-4AC8-815A-61FE6499DA5F}"
EndProject
Project("{9A19103F-16F7-4668-BE54-9A1E7A4F7556}") = "PGP.Persistence", "PGP.Persistence\PGP.Persistence.csproj", "{F1549872-6A9B-48AC-B0FB-8EC1B050CB19}"
EndProject
Project("{2150E333-8FDC-42A3-9474-1A3956D46DE8}") = "Tests", "Tests", "{F492FE40-A42A-4E97-8EB9-5BEB0178B45E}"
EndProject
Project("{9A19103F-16F7-4668-BE54-9A1E7A4F7556}") = "PGP.WebUI.IntegrationTests", "PGP.WebUI.IntegrationTests\PGP.WebUI.IntegrationTests.csproj", "{9FB6862F-F38C-4C44-ACA4-8AA3497D4DE0}"
EndProject
Project("{2150E333-8FDC-42A3-9474-1A3956D46DE8}") = "Solution Items", "Solution Items", "{EC2E3935-D854-4D0D-969F-85E9CB18F047}"
	ProjectSection(SolutionItems) = preProject
		rules.ruleset = rules.ruleset
	EndProjectSection
EndProject
Project("{9A19103F-16F7-4668-BE54-9A1E7A4F7556}") = "PGP.WebUI", "PGP.WebUI\PGP.WebUI.csproj", "{7AF36BA4-70B3-4B5E-9888-6A2F495D3789}"
EndProject
Global
	GlobalSection(SolutionConfigurationPlatforms) = preSolution
		Debug|Any CPU = Debug|Any CPU
		Release|Any CPU = Release|Any CPU
	EndGlobalSection
	GlobalSection(ProjectConfigurationPlatforms) = postSolution
		{9DD12413-C9BE-465A-986F-5E6F5281E5BD}.Debug|Any CPU.ActiveCfg = Debug|Any CPU
		{9DD12413-C9BE-465A-986F-5E6F5281E5BD}.Debug|Any CPU.Build.0 = Debug|Any CPU
		{9DD12413-C9BE-465A-986F-5E6F5281E5BD}.Release|Any CPU.ActiveCfg = Release|Any CPU
		{9DD12413-C9BE-465A-986F-5E6F5281E5BD}.Release|Any CPU.Build.0 = Release|Any CPU
		{46039D88-A44D-4AC8-815A-61FE6499DA5F}.Debug|Any CPU.ActiveCfg = Debug|Any CPU
		{46039D88-A44D-4AC8-815A-61FE6499DA5F}.Debug|Any CPU.Build.0 = Debug|Any CPU
		{46039D88-A44D-4AC8-815A-61FE6499DA5F}.Release|Any CPU.ActiveCfg = Release|Any CPU
		{46039D88-A44D-4AC8-815A-61FE6499DA5F}.Release|Any CPU.Build.0 = Release|Any CPU
		{F1549872-6A9B-48AC-B0FB-8EC1B050CB19}.Debug|Any CPU.ActiveCfg = Debug|Any CPU
		{F1549872-6A9B-48AC-B0FB-8EC1B050CB19}.Debug|Any CPU.Build.0 = Debug|Any CPU
		{F1549872-6A9B-48AC-B0FB-8EC1B050CB19}.Release|Any CPU.ActiveCfg = Release|Any CPU
		{F1549872-6A9B-48AC-B0FB-8EC1B050CB19}.Release|Any CPU.Build.0 = Release|Any CPU
		{9FB6862F-F38C-4C44-ACA4-8AA3497D4DE0}.Debug|Any CPU.ActiveCfg = Debug|Any CPU
		{9FB6862F-F38C-4C44-ACA4-8AA3497D4DE0}.Debug|Any CPU.Build.0 = Debug|Any CPU
		{9FB6862F-F38C-4C44-ACA4-8AA3497D4DE0}.Release|Any CPU.ActiveCfg = Release|Any CPU
		{9FB6862F-F38C-4C44-ACA4-8AA3497D4DE0}.Release|Any CPU.Build.0 = Release|Any CPU
		{7AF36BA4-70B3-4B5E-9888-6A2F495D3789}.Debug|Any CPU.ActiveCfg = Debug|Any CPU
		{7AF36BA4-70B3-4B5E-9888-6A2F495D3789}.Debug|Any CPU.Build.0 = Debug|Any CPU
		{7AF36BA4-70B3-4B5E-9888-6A2F495D3789}.Release|Any CPU.ActiveCfg = Release|Any CPU
		{7AF36BA4-70B3-4B5E-9888-6A2F495D3789}.Release|Any CPU.Build.0 = Release|Any CPU
	EndGlobalSection
	GlobalSection(SolutionProperties) = preSolution
		HideSolutionNode = FALSE
	EndGlobalSection
	GlobalSection(NestedProjects) = preSolution
		{9FB6862F-F38C-4C44-ACA4-8AA3497D4DE0} = {F492FE40-A42A-4E97-8EB9-5BEB0178B45E}
	EndGlobalSection
	GlobalSection(ExtensibilityGlobals) = postSolution
		SolutionGuid = {7E271204-2B0F-4D2A-AC37-EDD41005A2C3}
	EndGlobalSection
EndGlobal
